PODS:
  - Alamofire (2.0.2)
  - ReachabilitySwift (2.0)
  - SwiftyJSON (2.3.0)

DEPENDENCIES:
  - Alamofire (= 2.0.2)
  - ReachabilitySwift (from `https://github.com/ashleymills/Reachability.swift`)
  - SwiftyJSON (~> 2.3)

EXTERNAL SOURCES:
  ReachabilitySwift:
    :git: https://github.com/ashleymills/Reachability.swift

CHECKOUT OPTIONS:
  ReachabilitySwift:
    :commit: 6f7854758cbdd5ae7685800e86e334cf8bb3e40a
    :git: https://github.com/ashleymills/Reachability.swift

SPEC CHECKSUMS:
  Alamofire: 8edbab00802a752bb5240cc2abe70e7e881488ad
  ReachabilitySwift: 227b98ae7ec99e1c01148b17fb22357aa91a5675
  SwiftyJSON: 8d6b61a70277ef2a5d710d372e06e7e2d87fb9e4

COCOAPODS: 0.38.2
