PODS:
  - ActiveLabel (0.2.2)
  - Alamofire (3.0.1)
  - AlamofireImage (2.0.0-beta.1):
    - Alamofire (~> 3.0.0-beta.3)
  - ReachabilitySwift (2.3)
  - SCLAlertView (0.4.3)
  - SwiftyJSON (2.3.1)

DEPENDENCIES:
  - ActiveLabel
  - Alamofire (~> 3.0)
  - AlamofireImage (= 2.0.0-beta.1)
  - ReachabilitySwift (from `https://github.com/ashleymills/Reachability.swift`)
  - SCLAlertView
  - SwiftyJSON (~> 2.3)

EXTERNAL SOURCES:
  ReachabilitySwift:
    :git: https://github.com/ashleymills/Reachability.swift

CHECKOUT OPTIONS:
  ReachabilitySwift:
    :commit: 4788551ca34ce6f6c4d4cd29fcb0959df779510c
    :git: https://github.com/ashleymills/Reachability.swift

SPEC CHECKSUMS:
  ActiveLabel: cecbc4ddf9f798bbacfa361960c9ccaeadb9d6e1
  Alamofire: 2457e1b2e6c46bb05c3a598c542b7bfd08893775
  AlamofireImage: 6e16d1b33df25459b40be7c8a2ae6e3d6fefc080
  ReachabilitySwift: 2ac9df18a443901f06caae38a9f5431219a4c36a
  SCLAlertView: a5c726a80a938fd3127edd7dbc19da33fb936ca3
  SwiftyJSON: 592b53bee5ef3dd9b3bebc6b9cb7ee35426ae8c3

COCOAPODS: 0.39.0
